
Microsoft Visual Studio Solution File, Format Version 12.00
# Visual Studio Version 16
VisualStudioVersion = 16.0.29806.167
MinimumVisualStudioVersion = 10.0.40219.1
Project("{FAE04EC0-301F-11D3-BF4B-00C04F79EFBC}") = "Esp32ConfigUwp", "Esp32ConfigUwp\Esp32ConfigUwp.csproj", "{F683DD51-0FA7-45EC-A6E9-AF3DE7F35FAF}"
EndProject
Global
	GlobalSection(SolutionConfigurationPlatforms) = preSolution
		Debug|ARM = Debug|ARM
		Debug|ARM64 = Debug|ARM64
		Debug|x64 = Debug|x64
		Debug|x86 = Debug|x86
		Release|ARM = Release|ARM
		Release|ARM64 = Release|ARM64
		Release|x64 = Release|x64
		Release|x86 = Release|x86
	EndGlobalSection
	GlobalSection(ProjectConfigurationPlatforms) = postSolution
		{F683DD51-0FA7-45EC-A6E9-AF3DE7F35FAF}.Debug|ARM.ActiveCfg = Debug|ARM
		{F683DD51-0FA7-45EC-A6E9-AF3DE7F35FAF}.Debug|ARM.Build.0 = Debug|ARM
		{F683DD51-0FA7-45EC-A6E9-AF3DE7F35FAF}.Debug|ARM.Deploy.0 = Debug|ARM
		{F683DD51-0FA7-45EC-A6E9-AF3DE7F35FAF}.Debug|ARM64.ActiveCfg = Debug|ARM64
		{F683DD51-0FA7-45EC-A6E9-AF3DE7F35FAF}.Debug|ARM64.Build.0 = Debug|ARM64
		{F683DD51-0FA7-45EC-A6E9-AF3DE7F35FAF}.Debug|ARM64.Deploy.0 = Debug|ARM64
		{F683DD51-0FA7-45EC-A6E9-AF3DE7F35FAF}.Debug|x64.ActiveCfg = Debug|x64
		{F683DD51-0FA7-45EC-A6E9-AF3DE7F35FAF}.Debug|x64.Build.0 = Debug|x64
		{F683DD51-0FA7-45EC-A6E9-AF3DE7F35FAF}.Debug|x64.Deploy.0 = Debug|x64
		{F683DD51-0FA7-45EC-A6E9-AF3DE7F35FAF}.Debug|x86.ActiveCfg = Debug|x86
		{F683DD51-0FA7-45EC-A6E9-AF3DE7F35FAF}.Debug|x86.Build.0 = Debug|x86
		{F683DD51-0FA7-45EC-A6E9-AF3DE7F35FAF}.Debug|x86.Deploy.0 = Debug|x86
		{F683DD51-0FA7-45EC-A6E9-AF3DE7F35FAF}.Release|ARM.ActiveCfg = Release|ARM
		{F683DD51-0FA7-45EC-A6E9-AF3DE7F35FAF}.Release|ARM.Build.0 = Release|ARM
		{F683DD51-0FA7-45EC-A6E9-AF3DE7F35FAF}.Release|ARM.Deploy.0 = Release|ARM
		{F683DD51-0FA7-45EC-A6E9-AF3DE7F35FAF}.Release|ARM64.ActiveCfg = Release|ARM64
		{F683DD51-0FA7-45EC-A6E9-AF3DE7F35FAF}.Release|ARM64.Build.0 = Release|ARM64
		{F683DD51-0FA7-45EC-A6E9-AF3DE7F35FAF}.Release|ARM64.Deploy.0 = Release|ARM64
		{F683DD51-0FA7-45EC-A6E9-AF3DE7F35FAF}.Release|x64.ActiveCfg = Release|x64
		{F683DD51-0FA7-45EC-A6E9-AF3DE7F35FAF}.Release|x64.Build.0 = Release|x64
		{F683DD51-0FA7-45EC-A6E9-AF3DE7F35FAF}.Release|x64.Deploy.0 = Release|x64
		{F683DD51-0FA7-45EC-A6E9-AF3DE7F35FAF}.Release|x86.ActiveCfg = Release|x86
		{F683DD51-0FA7-45EC-A6E9-AF3DE7F35FAF}.Release|x86.Build.0 = Release|x86
		{F683DD51-0FA7-45EC-A6E9-AF3DE7F35FAF}.Release|x86.Deploy.0 = Release|x86
	EndGlobalSection
	GlobalSection(SolutionProperties) = preSolution
		HideSolutionNode = FALSE
	EndGlobalSection
	GlobalSection(ExtensibilityGlobals) = postSolution
		SolutionGuid = {970475A1-269B-4611-9473-76E9ABF8AD9B}
	EndGlobalSection
EndGlobal
